
Microsoft Visual Studio Solution File, Format Version 12.00
# Visual Studio Version 17
VisualStudioVersion = 17.0.31912.275
MinimumVisualStudioVersion = 10.0.40219.1
Project("{9A19103F-16F7-4668-BE54-9A1E7A4F7556}") = "AcademiaVixTeam", "AcademiaVixTeam\AcademiaVixTeam.csproj", "{B959C6DC-6A79-4EC9-B93F-A6A51FB0C806}"
EndProject
Global
	GlobalSection(SolutionConfigurationPlatforms) = preSolution
		Debug|Any CPU = Debug|Any CPU
		Release|Any CPU = Release|Any CPU
	EndGlobalSection
	GlobalSection(ProjectConfigurationPlatforms) = postSolution
		{B959C6DC-6A79-4EC9-B93F-A6A51FB0C806}.Debug|Any CPU.ActiveCfg = Debug|Any CPU
		{B959C6DC-6A79-4EC9-B93F-A6A51FB0C806}.Debug|Any CPU.Build.0 = Debug|Any CPU
		{B959C6DC-6A79-4EC9-B93F-A6A51FB0C806}.Release|Any CPU.ActiveCfg = Release|Any CPU
		{B959C6DC-6A79-4EC9-B93F-A6A51FB0C806}.Release|Any CPU.Build.0 = Release|Any CPU
	EndGlobalSection
	GlobalSection(SolutionProperties) = preSolution
		HideSolutionNode = FALSE
	EndGlobalSection
	GlobalSection(ExtensibilityGlobals) = postSolution
		SolutionGuid = {24486347-9206-46D4-BA32-ADE40553E32A}
	EndGlobalSection
EndGlobal
